// !$*UTF8*$!
{
	archiveVersion = 1;
	classes = {
	};
	objectVersion = 56;
	objects = {

/* Begin PBXBuildFile section */
		1D80BC512913F50500AEE5E1 /* AppDelegate.swift in Sources */ = {isa = PBXBuildFile; fileRef = 1D80BC502913F50500AEE5E1 /* AppDelegate.swift */; };
		1D80BC532913F50500AEE5E1 /* SceneDelegate.swift in Sources */ = {isa = PBXBuildFile; fileRef = 1D80BC522913F50500AEE5E1 /* SceneDelegate.swift */; };
		1D80BC552913F50500AEE5E1 /* ViewController.swift in Sources */ = {isa = PBXBuildFile; fileRef = 1D80BC542913F50500AEE5E1 /* ViewController.swift */; };
		1D80BC582913F50500AEE5E1 /* Main.storyboard in Resources */ = {isa = PBXBuildFile; fileRef = 1D80BC562913F50500AEE5E1 /* Main.storyboard */; };
		1D80BC5B2913F50500AEE5E1 /* AppNotifica.xcdatamodeld in Sources */ = {isa = PBXBuildFile; fileRef = 1D80BC592913F50500AEE5E1 /* AppNotifica.xcdatamodeld */; };
		1D80BC5D2913F50700AEE5E1 /* Assets.xcassets in Resources */ = {isa = PBXBuildFile; fileRef = 1D80BC5C2913F50700AEE5E1 /* Assets.xcassets */; };
		1D80BC602913F50700AEE5E1 /* LaunchScreen.storyboard in Resources */ = {isa = PBXBuildFile; fileRef = 1D80BC5E2913F50700AEE5E1 /* LaunchScreen.storyboard */; };
		1D80BC6B2913F50800AEE5E1 /* AppNotificaTests.swift in Sources */ = {isa = PBXBuildFile; fileRef = 1D80BC6A2913F50800AEE5E1 /* AppNotificaTests.swift */; };
		1D80BC752913F50800AEE5E1 /* AppNotificaUITests.swift in Sources */ = {isa = PBXBuildFile; fileRef = 1D80BC742913F50800AEE5E1 /* AppNotificaUITests.swift */; };
		1D80BC772913F50800AEE5E1 /* AppNotificaUITestsLaunchTests.swift in Sources */ = {isa = PBXBuildFile; fileRef = 1D80BC762913F50800AEE5E1 /* AppNotificaUITestsLaunchTests.swift */; };
/* End PBXBuildFile section */

/* Begin PBXContainerItemProxy section */
		1D80BC672913F50800AEE5E1 /* PBXContainerItemProxy */ = {
			isa = PBXContainerItemProxy;
			containerPortal = 1D80BC452913F50500AEE5E1 /* Project object */;
			proxyType = 1;
			remoteGlobalIDString = 1D80BC4C2913F50500AEE5E1;
			remoteInfo = AppNotifica;
		};
		1D80BC712913F50800AEE5E1 /* PBXContainerItemProxy */ = {
			isa = PBXContainerItemProxy;
			containerPortal = 1D80BC452913F50500AEE5E1 /* Project object */;
			proxyType = 1;
			remoteGlobalIDString = 1D80BC4C2913F50500AEE5E1;
			remoteInfo = AppNotifica;
		};
/* End PBXContainerItemProxy section */

/* Begin PBXFileReference section */
		1D80BC4D2913F50500AEE5E1 /* AppNotifica.app */ = {isa = PBXFileReference; explicitFileType = wrapper.application; includeInIndex = 0; path = AppNotifica.app; sourceTree = BUILT_PRODUCTS_DIR; };
		1D80BC502913F50500AEE5E1 /* AppDelegate.swift */ = {isa = PBXFileReference; lastKnownFileType = sourcecode.swift; path = AppDelegate.swift; sourceTree = "<group>"; };
		1D80BC522913F50500AEE5E1 /* SceneDelegate.swift */ = {isa = PBXFileReference; lastKnownFileType = sourcecode.swift; path = SceneDelegate.swift; sourceTree = "<group>"; };
		1D80BC542913F50500AEE5E1 /* ViewController.swift */ = {isa = PBXFileReference; lastKnownFileType = sourcecode.swift; path = ViewController.swift; sourceTree = "<group>"; };
		1D80BC572913F50500AEE5E1 /* Base */ = {isa = PBXFileReference; lastKnownFileType = file.storyboard; name = Base; path = Base.lproj/Main.storyboard; sourceTree = "<group>"; };
		1D80BC5A2913F50500AEE5E1 /* AppNotifica.xcdatamodel */ = {isa = PBXFileReference; lastKnownFileType = wrapper.xcdatamodel; path = AppNotifica.xcdatamodel; sourceTree = "<group>"; };
		1D80BC5C2913F50700AEE5E1 /* Assets.xcassets */ = {isa = PBXFileReference; lastKnownFileType = folder.assetcatalog; path = Assets.xcassets; sourceTree = "<group>"; };
		1D80BC5F2913F50700AEE5E1 /* Base */ = {isa = PBXFileReference; lastKnownFileType = file.storyboard; name = Base; path = Base.lproj/LaunchScreen.storyboard; sourceTree = "<group>"; };
		1D80BC612913F50700AEE5E1 /* Info.plist */ = {isa = PBXFileReference; lastKnownFileType = text.plist.xml; path = Info.plist; sourceTree = "<group>"; };
		1D80BC662913F50800AEE5E1 /* AppNotificaTests.xctest */ = {isa = PBXFileReference; explicitFileType = wrapper.cfbundle; includeInIndex = 0; path = AppNotificaTests.xctest; sourceTree = BUILT_PRODUCTS_DIR; };
		1D80BC6A2913F50800AEE5E1 /* AppNotificaTests.swift */ = {isa = PBXFileReference; lastKnownFileType = sourcecode.swift; path = AppNotificaTests.swift; sourceTree = "<group>"; };
		1D80BC702913F50800AEE5E1 /* AppNotificaUITests.xctest */ = {isa = PBXFileReference; explicitFileType = wrapper.cfbundle; includeInIndex = 0; path = AppNotificaUITests.xctest; sourceTree = BUILT_PRODUCTS_DIR; };
		1D80BC742913F50800AEE5E1 /* AppNotificaUITests.swift */ = {isa = PBXFileReference; lastKnownFileType = sourcecode.swift; path = AppNotificaUITests.swift; sourceTree = "<group>"; };
		1D80BC762913F50800AEE5E1 /* AppNotificaUITestsLaunchTests.swift */ = {isa = PBXFileReference; lastKnownFileType = sourcecode.swift; path = AppNotificaUITestsLaunchTests.swift; sourceTree = "<group>"; };
/* End PBXFileReference section */

/* Begin PBXFrameworksBuildPhase section */
		1D80BC4A2913F50500AEE5E1 /* Frameworks */ = {
			isa = PBXFrameworksBuildPhase;
			buildActionMask = 2147483647;
			files = (
			);
			runOnlyForDeploymentPostprocessing = 0;
		};
		1D80BC632913F50800AEE5E1 /* Frameworks */ = {
			isa = PBXFrameworksBuildPhase;
			buildActionMask = 2147483647;
			files = (
			);
			runOnlyForDeploymentPostprocessing = 0;
		};
		1D80BC6D2913F50800AEE5E1 /* Frameworks */ = {
			isa = PBXFrameworksBuildPhase;
			buildActionMask = 2147483647;
			files = (
			);
			runOnlyForDeploymentPostprocessing = 0;
		};
/* End PBXFrameworksBuildPhase section */

/* Begin PBXGroup section */
		1D80BC442913F50500AEE5E1 = {
			isa = PBXGroup;
			children = (
				1D80BC4F2913F50500AEE5E1 /* AppNotifica */,
				1D80BC692913F50800AEE5E1 /* AppNotificaTests */,
				1D80BC732913F50800AEE5E1 /* AppNotificaUITests */,
				1D80BC4E2913F50500AEE5E1 /* Products */,
			);
			sourceTree = "<group>";
		};
		1D80BC4E2913F50500AEE5E1 /* Products */ = {
			isa = PBXGroup;
			children = (
				1D80BC4D2913F50500AEE5E1 /* AppNotifica.app */,
				1D80BC662913F50800AEE5E1 /* AppNotificaTests.xctest */,
				1D80BC702913F50800AEE5E1 /* AppNotificaUITests.xctest */,
			);
			name = Products;
			sourceTree = "<group>";
		};
		1D80BC4F2913F50500AEE5E1 /* AppNotifica */ = {
			isa = PBXGroup;
			children = (
				1D80BC502913F50500AEE5E1 /* AppDelegate.swift */,
				1D80BC522913F50500AEE5E1 /* SceneDelegate.swift */,
				1D80BC542913F50500AEE5E1 /* ViewController.swift */,
				1D80BC562913F50500AEE5E1 /* Main.storyboard */,
				1D80BC5C2913F50700AEE5E1 /* Assets.xcassets */,
				1D80BC5E2913F50700AEE5E1 /* LaunchScreen.storyboard */,
				1D80BC612913F50700AEE5E1 /* Info.plist */,
				1D80BC592913F50500AEE5E1 /* AppNotifica.xcdatamodeld */,
			);
			path = AppNotifica;
			sourceTree = "<group>";
		};
		1D80BC692913F50800AEE5E1 /* AppNotificaTests */ = {
			isa = PBXGroup;
			children = (
				1D80BC6A2913F50800AEE5E1 /* AppNotificaTests.swift */,
			);
			path = AppNotificaTests;
			sourceTree = "<group>";
		};
		1D80BC732913F50800AEE5E1 /* AppNotificaUITests */ = {
			isa = PBXGroup;
			children = (
				1D80BC742913F50800AEE5E1 /* AppNotificaUITests.swift */,
				1D80BC762913F50800AEE5E1 /* AppNotificaUITestsLaunchTests.swift */,
			);
			path = AppNotificaUITests;
			sourceTree = "<group>";
		};
/* End PBXGroup section */

/* Begin PBXNativeTarget section */
		1D80BC4C2913F50500AEE5E1 /* AppNotifica */ = {
			isa = PBXNativeTarget;
			buildConfigurationList = 1D80BC7A2913F50800AEE5E1 /* Build configuration list for PBXNativeTarget "AppNotifica" */;
			buildPhases = (
				1D80BC492913F50500AEE5E1 /* Sources */,
				1D80BC4A2913F50500AEE5E1 /* Frameworks */,
				1D80BC4B2913F50500AEE5E1 /* Resources */,
			);
			buildRules = (
			);
			dependencies = (
			);
			name = AppNotifica;
			productName = AppNotifica;
			productReference = 1D80BC4D2913F50500AEE5E1 /* AppNotifica.app */;
			productType = "com.apple.product-type.application";
		};
		1D80BC652913F50800AEE5E1 /* AppNotificaTests */ = {
			isa = PBXNativeTarget;
			buildConfigurationList = 1D80BC7D2913F50800AEE5E1 /* Build configuration list for PBXNativeTarget "AppNotificaTests" */;
			buildPhases = (
				1D80BC622913F50800AEE5E1 /* Sources */,
				1D80BC632913F50800AEE5E1 /* Frameworks */,
				1D80BC642913F50800AEE5E1 /* Resources */,
			);
			buildRules = (
			);
			dependencies = (
				1D80BC682913F50800AEE5E1 /* PBXTargetDependency */,
			);
			name = AppNotificaTests;
			productName = AppNotificaTests;
			productReference = 1D80BC662913F50800AEE5E1 /* AppNotificaTests.xctest */;
			productType = "com.apple.product-type.bundle.unit-test";
		};
		1D80BC6F2913F50800AEE5E1 /* AppNotificaUITests */ = {
			isa = PBXNativeTarget;
			buildConfigurationList = 1D80BC802913F50800AEE5E1 /* Build configuration list for PBXNativeTarget "AppNotificaUITests" */;
			buildPhases = (
				1D80BC6C2913F50800AEE5E1 /* Sources */,
				1D80BC6D2913F50800AEE5E1 /* Frameworks */,
				1D80BC6E2913F50800AEE5E1 /* Resources */,
			);
			buildRules = (
			);
			dependencies = (
				1D80BC722913F50800AEE5E1 /* PBXTargetDependency */,
			);
			name = AppNotificaUITests;
			productName = AppNotificaUITests;
			productReference = 1D80BC702913F50800AEE5E1 /* AppNotificaUITests.xctest */;
			productType = "com.apple.product-type.bundle.ui-testing";
		};
/* End PBXNativeTarget section */

/* Begin PBXProject section */
		1D80BC452913F50500AEE5E1 /* Project object */ = {
			isa = PBXProject;
			attributes = {
				BuildIndependentTargetsInParallel = 1;
				LastSwiftUpdateCheck = 1400;
				LastUpgradeCheck = 1400;
				TargetAttributes = {
					1D80BC4C2913F50500AEE5E1 = {
						CreatedOnToolsVersion = 14.0.1;
					};
					1D80BC652913F50800AEE5E1 = {
						CreatedOnToolsVersion = 14.0.1;
						TestTargetID = 1D80BC4C2913F50500AEE5E1;
					};
					1D80BC6F2913F50800AEE5E1 = {
						CreatedOnToolsVersion = 14.0.1;
						TestTargetID = 1D80BC4C2913F50500AEE5E1;
					};
				};
			};
			buildConfigurationList = 1D80BC482913F50500AEE5E1 /* Build configuration list for PBXProject "AppNotifica" */;
			compatibilityVersion = "Xcode 14.0";
			developmentRegion = en;
			hasScannedForEncodings = 0;
			knownRegions = (
				en,
				Base,
			);
			mainGroup = 1D80BC442913F50500AEE5E1;
			productRefGroup = 1D80BC4E2913F50500AEE5E1 /* Products */;
			projectDirPath = "";
			projectRoot = "";
			targets = (
				1D80BC4C2913F50500AEE5E1 /* AppNotifica */,
				1D80BC652913F50800AEE5E1 /* AppNotificaTests */,
				1D80BC6F2913F50800AEE5E1 /* AppNotificaUITests */,
			);
		};
/* End PBXProject section */

/* Begin PBXResourcesBuildPhase section */
		1D80BC4B2913F50500AEE5E1 /* Resources */ = {
			isa = PBXResourcesBuildPhase;
			buildActionMask = 2147483647;
			files = (
				1D80BC602913F50700AEE5E1 /* LaunchScreen.storyboard in Resources */,
				1D80BC5D2913F50700AEE5E1 /* Assets.xcassets in Resources */,
				1D80BC582913F50500AEE5E1 /* Main.storyboard in Resources */,
			);
			runOnlyForDeploymentPostprocessing = 0;
		};
		1D80BC642913F50800AEE5E1 /* Resources */ = {
			isa = PBXResourcesBuildPhase;
			buildActionMask = 2147483647;
			files = (
			);
			runOnlyForDeploymentPostprocessing = 0;
		};
		1D80BC6E2913F50800AEE5E1 /* Resources */ = {
			isa = PBXResourcesBuildPhase;
			buildActionMask = 2147483647;
			files = (
			);
			runOnlyForDeploymentPostprocessing = 0;
		};
/* End PBXResourcesBuildPhase section */

/* Begin PBXSourcesBuildPhase section */
		1D80BC492913F50500AEE5E1 /* Sources */ = {
			isa = PBXSourcesBuildPhase;
			buildActionMask = 2147483647;
			files = (
				1D80BC552913F50500AEE5E1 /* ViewController.swift in Sources */,
				1D80BC512913F50500AEE5E1 /* AppDelegate.swift in Sources */,
				1D80BC5B2913F50500AEE5E1 /* AppNotifica.xcdatamodeld in Sources */,
				1D80BC532913F50500AEE5E1 /* SceneDelegate.swift in Sources */,
			);
			runOnlyForDeploymentPostprocessing = 0;
		};
		1D80BC622913F50800AEE5E1 /* Sources */ = {
			isa = PBXSourcesBuildPhase;
			buildActionMask = 2147483647;
			files = (
				1D80BC6B2913F50800AEE5E1 /* AppNotificaTests.swift in Sources */,
			);
			runOnlyForDeploymentPostprocessing = 0;
		};
		1D80BC6C2913F50800AEE5E1 /* Sources */ = {
			isa = PBXSourcesBuildPhase;
			buildActionMask = 2147483647;
			files = (
				1D80BC752913F50800AEE5E1 /* AppNotificaUITests.swift in Sources */,
				1D80BC772913F50800AEE5E1 /* AppNotificaUITestsLaunchTests.swift in Sources */,
			);
			runOnlyForDeploymentPostprocessing = 0;
		};
/* End PBXSourcesBuildPhase section */

/* Begin PBXTargetDependency section */
		1D80BC682913F50800AEE5E1 /* PBXTargetDependency */ = {
			isa = PBXTargetDependency;
			target = 1D80BC4C2913F50500AEE5E1 /* AppNotifica */;
			targetProxy = 1D80BC672913F50800AEE5E1 /* PBXContainerItemProxy */;
		};
		1D80BC722913F50800AEE5E1 /* PBXTargetDependency */ = {
			isa = PBXTargetDependency;
			target = 1D80BC4C2913F50500AEE5E1 /* AppNotifica */;
			targetProxy = 1D80BC712913F50800AEE5E1 /* PBXContainerItemProxy */;
		};
/* End PBXTargetDependency section */

/* Begin PBXVariantGroup section */
		1D80BC562913F50500AEE5E1 /* Main.storyboard */ = {
			isa = PBXVariantGroup;
			children = (
				1D80BC572913F50500AEE5E1 /* Base */,
			);
			name = Main.storyboard;
			sourceTree = "<group>";
		};
		1D80BC5E2913F50700AEE5E1 /* LaunchScreen.storyboard */ = {
			isa = PBXVariantGroup;
			children = (
				1D80BC5F2913F50700AEE5E1 /* Base */,
			);
			name = LaunchScreen.storyboard;
			sourceTree = "<group>";
		};
/* End PBXVariantGroup section */

/* Begin XCBuildConfiguration section */
		1D80BC782913F50800AEE5E1 /* Debug */ = {
			isa = XCBuildConfiguration;
			buildSettings = {
				ALWAYS_SEARCH_USER_PATHS = NO;
				CLANG_ANALYZER_NONNULL = YES;
				CLANG_ANALYZER_NUMBER_OBJECT_CONVERSION = YES_AGGRESSIVE;
				CLANG_CXX_LANGUAGE_STANDARD = "gnu++20";
				CLANG_ENABLE_MODULES = YES;
				CLANG_ENABLE_OBJC_ARC = YES;
				CLANG_ENABLE_OBJC_WEAK = YES;
				CLANG_WARN_BLOCK_CAPTURE_AUTORELEASING = YES;
				CLANG_WARN_BOOL_CONVERSION = YES;
				CLANG_WARN_COMMA = YES;
				CLANG_WARN_CONSTANT_CONVERSION = YES;
				CLANG_WARN_DEPRECATED_OBJC_IMPLEMENTATIONS = YES;
				CLANG_WARN_DIRECT_OBJC_ISA_USAGE = YES_ERROR;
				CLANG_WARN_DOCUMENTATION_COMMENTS = YES;
				CLANG_WARN_EMPTY_BODY = YES;
				CLANG_WARN_ENUM_CONVERSION = YES;
				CLANG_WARN_INFINITE_RECURSION = YES;
				CLANG_WARN_INT_CONVERSION = YES;
				CLANG_WARN_NON_LITERAL_NULL_CONVERSION = YES;
				CLANG_WARN_OBJC_IMPLICIT_RETAIN_SELF = YES;
				CLANG_WARN_OBJC_LITERAL_CONVERSION = YES;
				CLANG_WARN_OBJC_ROOT_CLASS = YES_ERROR;
				CLANG_WARN_QUOTED_INCLUDE_IN_FRAMEWORK_HEADER = YES;
				CLANG_WARN_RANGE_LOOP_ANALYSIS = YES;
				CLANG_WARN_STRICT_PROTOTYPES = YES;
				CLANG_WARN_SUSPICIOUS_MOVE = YES;
				CLANG_WARN_UNGUARDED_AVAILABILITY = YES_AGGRESSIVE;
				CLANG_WARN_UNREACHABLE_CODE = YES;
				CLANG_WARN__DUPLICATE_METHOD_MATCH = YES;
				COPY_PHASE_STRIP = NO;
				DEBUG_INFORMATION_FORMAT = dwarf;
				ENABLE_STRICT_OBJC_MSGSEND = YES;
				ENABLE_TESTABILITY = YES;
				GCC_C_LANGUAGE_STANDARD = gnu11;
				GCC_DYNAMIC_NO_PIC = NO;
				GCC_NO_COMMON_BLOCKS = YES;
				GCC_OPTIMIZATION_LEVEL = 0;
				GCC_PREPROCESSOR_DEFINITIONS = (
					"DEBUG=1",
					"$(inherited)",
				);
				GCC_WARN_64_TO_32_BIT_CONVERSION = YES;
				GCC_WARN_ABOUT_RETURN_TYPE = YES_ERROR;
				GCC_WARN_UNDECLARED_SELECTOR = YES;
				GCC_WARN_UNINITIALIZED_AUTOS = YES_AGGRESSIVE;
				GCC_WARN_UNUSED_FUNCTION = YES;
				GCC_WARN_UNUSED_VARIABLE = YES;
				IPHONEOS_DEPLOYMENT_TARGET = 16.0;
				MTL_ENABLE_DEBUG_INFO = INCLUDE_SOURCE;
				MTL_FAST_MATH = YES;
				ONLY_ACTIVE_ARCH = YES;
				SDKROOT = iphoneos;
				SWIFT_ACTIVE_COMPILATION_CONDITIONS = DEBUG;
				SWIFT_OPTIMIZATION_LEVEL = "-Onone";
			};
			name = Debug;
		};
		1D80BC792913F50800AEE5E1 /* Release */ = {
			isa = XCBuildConfiguration;
			buildSettings = {
				ALWAYS_SEARCH_USER_PATHS = NO;
				CLANG_ANALYZER_NONNULL = YES;
				CLANG_ANALYZER_NUMBER_OBJECT_CONVERSION = YES_AGGRESSIVE;
				CLANG_CXX_LANGUAGE_STANDARD = "gnu++20";
				CLANG_ENABLE_MODULES = YES;
				CLANG_ENABLE_OBJC_ARC = YES;
				CLANG_ENABLE_OBJC_WEAK = YES;
				CLANG_WARN_BLOCK_CAPTURE_AUTORELEASING = YES;
				CLANG_WARN_BOOL_CONVERSION = YES;
				CLANG_WARN_COMMA = YES;
				CLANG_WARN_CONSTANT_CONVERSION = YES;
				CLANG_WARN_DEPRECATED_OBJC_IMPLEMENTATIONS = YES;
				CLANG_WARN_DIRECT_OBJC_ISA_USAGE = YES_ERROR;
				CLANG_WARN_DOCUMENTATION_COMMENTS = YES;
				CLANG_WARN_EMPTY_BODY = YES;
				CLANG_WARN_ENUM_CONVERSION = YES;
				CLANG_WARN_INFINITE_RECURSION = YES;
				CLANG_WARN_INT_CONVERSION = YES;
				CLANG_WARN_NON_LITERAL_NULL_CONVERSION = YES;
				CLANG_WARN_OBJC_IMPLICIT_RETAIN_SELF = YES;
				CLANG_WARN_OBJC_LITERAL_CONVERSION = YES;
				CLANG_WARN_OBJC_ROOT_CLASS = YES_ERROR;
				CLANG_WARN_QUOTED_INCLUDE_IN_FRAMEWORK_HEADER = YES;
				CLANG_WARN_RANGE_LOOP_ANALYSIS = YES;
				CLANG_WARN_STRICT_PROTOTYPES = YES;
				CLANG_WARN_SUSPICIOUS_MOVE = YES;
				CLANG_WARN_UNGUARDED_AVAILABILITY = YES_AGGRESSIVE;
				CLANG_WARN_UNREACHABLE_CODE = YES;
				CLANG_WARN__DUPLICATE_METHOD_MATCH = YES;
				COPY_PHASE_STRIP = NO;
				DEBUG_INFORMATION_FORMAT = "dwarf-with-dsym";
				ENABLE_NS_ASSERTIONS = NO;
				ENABLE_STRICT_OBJC_MSGSEND = YES;
				GCC_C_LANGUAGE_STANDARD = gnu11;
				GCC_NO_COMMON_BLOCKS = YES;
				GCC_WARN_64_TO_32_BIT_CONVERSION = YES;
				GCC_WARN_ABOUT_RETURN_TYPE = YES_ERROR;
				GCC_WARN_UNDECLARED_SELECTOR = YES;
				GCC_WARN_UNINITIALIZED_AUTOS = YES_AGGRESSIVE;
				GCC_WARN_UNUSED_FUNCTION = YES;
				GCC_WARN_UNUSED_VARIABLE = YES;
				IPHONEOS_DEPLOYMENT_TARGET = 16.0;
				MTL_ENABLE_DEBUG_INFO = NO;
				MTL_FAST_MATH = YES;
				SDKROOT = iphoneos;
				SWIFT_COMPILATION_MODE = wholemodule;
				SWIFT_OPTIMIZATION_LEVEL = "-O";
				VALIDATE_PRODUCT = YES;
			};
			name = Release;
		};
		1D80BC7B2913F50800AEE5E1 /* Debug */ = {
			isa = XCBuildConfiguration;
			buildSettings = {
				ASSETCATALOG_COMPILER_APPICON_NAME = AppIcon;
				ASSETCATALOG_COMPILER_GLOBAL_ACCENT_COLOR_NAME = AccentColor;
				CODE_SIGN_STYLE = Automatic;
				CURRENT_PROJECT_VERSION = 1;
				GENERATE_INFOPLIST_FILE = YES;
				INFOPLIST_FILE = AppNotifica/Info.plist;
				INFOPLIST_KEY_UIApplicationSupportsIndirectInputEvents = YES;
				INFOPLIST_KEY_UILaunchStoryboardName = LaunchScreen;
				INFOPLIST_KEY_UIMainStoryboardFile = Main;
				INFOPLIST_KEY_UISupportedInterfaceOrientations_iPad = "UIInterfaceOrientationPortrait UIInterfaceOrientationPortraitUpsideDown UIInterfaceOrientationLandscapeLeft UIInterfaceOrientationLandscapeRight";
				INFOPLIST_KEY_UISupportedInterfaceOrientations_iPhone = "UIInterfaceOrientationPortrait UIInterfaceOrientationLandscapeLeft UIInterfaceOrientationLandscapeRight";
				LD_RUNPATH_SEARCH_PATHS = (
					"$(inherited)",
					"@executable_path/Frameworks",
				);
				MARKETING_VERSION = 1.0;
				PRODUCT_BUNDLE_IDENTIFIER = br.edu.ifb.AppNotifica;
				PRODUCT_NAME = "$(TARGET_NAME)";
				SWIFT_EMIT_LOC_STRINGS = YES;
				SWIFT_VERSION = 5.0;
				TARGETED_DEVICE_FAMILY = "1,2";
			};
			name = Debug;
		};
		1D80BC7C2913F50800AEE5E1 /* Release */ = {
			isa = XCBuildConfiguration;
			buildSettings = {
				ASSETCATALOG_COMPILER_APPICON_NAME = AppIcon;
				ASSETCATALOG_COMPILER_GLOBAL_ACCENT_COLOR_NAME = AccentColor;
				CODE_SIGN_STYLE = Automatic;
				CURRENT_PROJECT_VERSION = 1;
				GENERATE_INFOPLIST_FILE = YES;
				INFOPLIST_FILE = AppNotifica/Info.plist;
				INFOPLIST_KEY_UIApplicationSupportsIndirectInputEvents = YES;
				INFOPLIST_KEY_UILaunchStoryboardName = LaunchScreen;
				INFOPLIST_KEY_UIMainStoryboardFile = Main;
				INFOPLIST_KEY_UISupportedInterfaceOrientations_iPad = "UIInterfaceOrientationPortrait UIInterfaceOrientationPortraitUpsideDown UIInterfaceOrientationLandscapeLeft UIInterfaceOrientationLandscapeRight";
				INFOPLIST_KEY_UISupportedInterfaceOrientations_iPhone = "UIInterfaceOrientationPortrait UIInterfaceOrientationLandscapeLeft UIInterfaceOrientationLandscapeRight";
				LD_RUNPATH_SEARCH_PATHS = (
					"$(inherited)",
					"@executable_path/Frameworks",
				);
				MARKETING_VERSION = 1.0;
				PRODUCT_BUNDLE_IDENTIFIER = br.edu.ifb.AppNotifica;
				PRODUCT_NAME = "$(TARGET_NAME)";
				SWIFT_EMIT_LOC_STRINGS = YES;
				SWIFT_VERSION = 5.0;
				TARGETED_DEVICE_FAMILY = "1,2";
			};
			name = Release;
		};
		1D80BC7E2913F50800AEE5E1 /* Debug */ = {
			isa = XCBuildConfiguration;
			buildSettings = {
				ALWAYS_EMBED_SWIFT_STANDARD_LIBRARIES = YES;
				BUNDLE_LOADER = "$(TEST_HOST)";
				CODE_SIGN_STYLE = Automatic;
				CURRENT_PROJECT_VERSION = 1;
				GENERATE_INFOPLIST_FILE = YES;
				IPHONEOS_DEPLOYMENT_TARGET = 16.0;
				MARKETING_VERSION = 1.0;
				PRODUCT_BUNDLE_IDENTIFIER = br.edu.ifb.AppNotificaTests;
				PRODUCT_NAME = "$(TARGET_NAME)";
				SWIFT_EMIT_LOC_STRINGS = NO;
				SWIFT_VERSION = 5.0;
				TARGETED_DEVICE_FAMILY = "1,2";
				TEST_HOST = "$(BUILT_PRODUCTS_DIR)/AppNotifica.app/$(BUNDLE_EXECUTABLE_FOLDER_PATH)/AppNotifica";
			};
			name = Debug;
		};
		1D80BC7F2913F50800AEE5E1 /* Release */ = {
			isa = XCBuildConfiguration;
			buildSettings = {
				ALWAYS_EMBED_SWIFT_STANDARD_LIBRARIES = YES;
				BUNDLE_LOADER = "$(TEST_HOST)";
				CODE_SIGN_STYLE = Automatic;
				CURRENT_PROJECT_VERSION = 1;
				GENERATE_INFOPLIST_FILE = YES;
				IPHONEOS_DEPLOYMENT_TARGET = 16.0;
				MARKETING_VERSION = 1.0;
				PRODUCT_BUNDLE_IDENTIFIER = br.edu.ifb.AppNotificaTests;
				PRODUCT_NAME = "$(TARGET_NAME)";
				SWIFT_EMIT_LOC_STRINGS = NO;
				SWIFT_VERSION = 5.0;
				TARGETED_DEVICE_FAMILY = "1,2";
				TEST_HOST = "$(BUILT_PRODUCTS_DIR)/AppNotifica.app/$(BUNDLE_EXECUTABLE_FOLDER_PATH)/AppNotifica";
			};
			name = Release;
		};
		1D80BC812913F50800AEE5E1 /* Debug */ = {
			isa = XCBuildConfiguration;
			buildSettings = {
				ALWAYS_EMBED_SWIFT_STANDARD_LIBRARIES = YES;
				CODE_SIGN_STYLE = Automatic;
				CURRENT_PROJECT_VERSION = 1;
				GENERATE_INFOPLIST_FILE = YES;
				MARKETING_VERSION = 1.0;
				PRODUCT_BUNDLE_IDENTIFIER = br.edu.ifb.AppNotificaUITests;
				PRODUCT_NAME = "$(TARGET_NAME)";
				SWIFT_EMIT_LOC_STRINGS = NO;
				SWIFT_VERSION = 5.0;
				TARGETED_DEVICE_FAMILY = "1,2";
				TEST_TARGET_NAME = AppNotifica;
			};
			name = Debug;
		};
		1D80BC822913F50800AEE5E1 /* Release */ = {
			isa = XCBuildConfiguration;
			buildSettings = {
				ALWAYS_EMBED_SWIFT_STANDARD_LIBRARIES = YES;
				CODE_SIGN_STYLE = Automatic;
				CURRENT_PROJECT_VERSION = 1;
				GENERATE_INFOPLIST_FILE = YES;
				MARKETING_VERSION = 1.0;
				PRODUCT_BUNDLE_IDENTIFIER = br.edu.ifb.AppNotificaUITests;
				PRODUCT_NAME = "$(TARGET_NAME)";
				SWIFT_EMIT_LOC_STRINGS = NO;
				SWIFT_VERSION = 5.0;
				TARGETED_DEVICE_FAMILY = "1,2";
				TEST_TARGET_NAME = AppNotifica;
			};
			name = Release;
		};
/* End XCBuildConfiguration section */

/* Begin XCConfigurationList section */
		1D80BC482913F50500AEE5E1 /* Build configuration list for PBXProject "AppNotifica" */ = {
			isa = XCConfigurationList;
			buildConfigurations = (
				1D80BC782913F50800AEE5E1 /* Debug */,
				1D80BC792913F50800AEE5E1 /* Release */,
			);
			defaultConfigurationIsVisible = 0;
			defaultConfigurationName = Release;
		};
		1D80BC7A2913F50800AEE5E1 /* Build configuration list for PBXNativeTarget "AppNotifica" */ = {
			isa = XCConfigurationList;
			buildConfigurations = (
				1D80BC7B2913F50800AEE5E1 /* Debug */,
				1D80BC7C2913F50800AEE5E1 /* Release */,
			);
			defaultConfigurationIsVisible = 0;
			defaultConfigurationName = Release;
		};
		1D80BC7D2913F50800AEE5E1 /* Build configuration list for PBXNativeTarget "AppNotificaTests" */ = {
			isa = XCConfigurationList;
			buildConfigurations = (
				1D80BC7E2913F50800AEE5E1 /* Debug */,
				1D80BC7F2913F50800AEE5E1 /* Release */,
			);
			defaultConfigurationIsVisible = 0;
			defaultConfigurationName = Release;
		};
		1D80BC802913F50800AEE5E1 /* Build configuration list for PBXNativeTarget "AppNotificaUITests" */ = {
			isa = XCConfigurationList;
			buildConfigurations = (
				1D80BC812913F50800AEE5E1 /* Debug */,
				1D80BC822913F50800AEE5E1 /* Release */,
			);
			defaultConfigurationIsVisible = 0;
			defaultConfigurationName = Release;
		};
/* End XCConfigurationList section */

/* Begin XCVersionGroup section */
		1D80BC592913F50500AEE5E1 /* AppNotifica.xcdatamodeld */ = {
			isa = XCVersionGroup;
			children = (
				1D80BC5A2913F50500AEE5E1 /* AppNotifica.xcdatamodel */,
			);
			currentVersion = 1D80BC5A2913F50500AEE5E1 /* AppNotifica.xcdatamodel */;
			path = AppNotifica.xcdatamodeld;
			sourceTree = "<group>";
			versionGroupType = wrapper.xcdatamodel;
		};
/* End XCVersionGroup section */
	};
	rootObject = 1D80BC452913F50500AEE5E1 /* Project object */;
}
